// !$*UTF8*$!
{
	archiveVersion = 1;
	classes = {
	};
	objectVersion = 46;
	objects = {

/* Begin PBXBuildFile section */
		4CB2362F18BDFA7500D979ED /* Foundation.framework in Frameworks */ = {isa = PBXBuildFile; fileRef = 4CB2362E18BDFA7500D979ED /* Foundation.framework */; };
		4CB2363118BDFA7500D979ED /* CoreGraphics.framework in Frameworks */ = {isa = PBXBuildFile; fileRef = 4CB2363018BDFA7500D979ED /* CoreGraphics.framework */; };
		4CB2363318BDFA7500D979ED /* UIKit.framework in Frameworks */ = {isa = PBXBuildFile; fileRef = 4CB2363218BDFA7500D979ED /* UIKit.framework */; };
		4CB2363918BDFA7500D979ED /* InfoPlist.strings in Resources */ = {isa = PBXBuildFile; fileRef = 4CB2363718BDFA7500D979ED /* InfoPlist.strings */; };
		4CB2363B18BDFA7500D979ED /* main.m in Sources */ = {isa = PBXBuildFile; fileRef = 4CB2363A18BDFA7500D979ED /* main.m */; };
		4CB2363F18BDFA7500D979ED /* AppDelegate.m in Sources */ = {isa = PBXBuildFile; fileRef = 4CB2363E18BDFA7500D979ED /* AppDelegate.m */; };
		4CB2364218BDFA7500D979ED /* Main.storyboard in Resources */ = {isa = PBXBuildFile; fileRef = 4CB2364018BDFA7500D979ED /* Main.storyboard */; };
		4CB2364518BDFA7500D979ED /* ViewController.m in Sources */ = {isa = PBXBuildFile; fileRef = 4CB2364418BDFA7500D979ED /* ViewController.m */; };
		4CB2364718BDFA7500D979ED /* Images.xcassets in Resources */ = {isa = PBXBuildFile; fileRef = 4CB2364618BDFA7500D979ED /* Images.xcassets */; };
		4CB2364E18BDFA7500D979ED /* XCTest.framework in Frameworks */ = {isa = PBXBuildFile; fileRef = 4CB2364D18BDFA7500D979ED /* XCTest.framework */; };
		4CB2364F18BDFA7500D979ED /* Foundation.framework in Frameworks */ = {isa = PBXBuildFile; fileRef = 4CB2362E18BDFA7500D979ED /* Foundation.framework */; };
		4CB2365018BDFA7500D979ED /* UIKit.framework in Frameworks */ = {isa = PBXBuildFile; fileRef = 4CB2363218BDFA7500D979ED /* UIKit.framework */; };
		4CB2365818BDFA7500D979ED /* InfoPlist.strings in Resources */ = {isa = PBXBuildFile; fileRef = 4CB2365618BDFA7500D979ED /* InfoPlist.strings */; };
		4CB2365A18BDFA7500D979ED /* NRTextTransitionsExampleTests.m in Sources */ = {isa = PBXBuildFile; fileRef = 4CB2365918BDFA7500D979ED /* NRTextTransitionsExampleTests.m */; };
/* End PBXBuildFile section */

/* Begin PBXContainerItemProxy section */
		4CB2365118BDFA7500D979ED /* PBXContainerItemProxy */ = {
			isa = PBXContainerItemProxy;
			containerPortal = 4CB2362318BDFA7400D979ED /* Project object */;
			proxyType = 1;
			remoteGlobalIDString = 4CB2362A18BDFA7500D979ED;
			remoteInfo = NRTextTransitionsExample;
		};
/* End PBXContainerItemProxy section */

/* Begin PBXFileReference section */
		4CB2362B18BDFA7500D979ED /* NRTextTransitionsExample.app */ = {isa = PBXFileReference; explicitFileType = wrapper.application; includeInIndex = 0; path = NRTextTransitionsExample.app; sourceTree = BUILT_PRODUCTS_DIR; };
		4CB2362E18BDFA7500D979ED /* Foundation.framework */ = {isa = PBXFileReference; lastKnownFileType = wrapper.framework; name = Foundation.framework; path = System/Library/Frameworks/Foundation.framework; sourceTree = SDKROOT; };
		4CB2363018BDFA7500D979ED /* CoreGraphics.framework */ = {isa = PBXFileReference; lastKnownFileType = wrapper.framework; name = CoreGraphics.framework; path = System/Library/Frameworks/CoreGraphics.framework; sourceTree = SDKROOT; };
		4CB2363218BDFA7500D979ED /* UIKit.framework */ = {isa = PBXFileReference; lastKnownFileType = wrapper.framework; name = UIKit.framework; path = System/Library/Frameworks/UIKit.framework; sourceTree = SDKROOT; };
		4CB2363618BDFA7500D979ED /* NRTextTransitionsExample-Info.plist */ = {isa = PBXFileReference; lastKnownFileType = text.plist.xml; path = "NRTextTransitionsExample-Info.plist"; sourceTree = "<group>"; };
		4CB2363818BDFA7500D979ED /* en */ = {isa = PBXFileReference; lastKnownFileType = text.plist.strings; name = en; path = en.lproj/InfoPlist.strings; sourceTree = "<group>"; };
		4CB2363A18BDFA7500D979ED /* main.m */ = {isa = PBXFileReference; lastKnownFileType = sourcecode.c.objc; path = main.m; sourceTree = "<group>"; };
		4CB2363C18BDFA7500D979ED /* NRTextTransitionsExample-Prefix.pch */ = {isa = PBXFileReference; lastKnownFileType = sourcecode.c.h; path = "NRTextTransitionsExample-Prefix.pch"; sourceTree = "<group>"; };
		4CB2363D18BDFA7500D979ED /* AppDelegate.h */ = {isa = PBXFileReference; lastKnownFileType = sourcecode.c.h; path = AppDelegate.h; sourceTree = "<group>"; };
		4CB2363E18BDFA7500D979ED /* AppDelegate.m */ = {isa = PBXFileReference; lastKnownFileType = sourcecode.c.objc; path = AppDelegate.m; sourceTree = "<group>"; };
		4CB2364118BDFA7500D979ED /* Base */ = {isa = PBXFileReference; lastKnownFileType = file.storyboard; name = Base; path = Base.lproj/Main.storyboard; sourceTree = "<group>"; };
		4CB2364318BDFA7500D979ED /* ViewController.h */ = {isa = PBXFileReference; lastKnownFileType = sourcecode.c.h; path = ViewController.h; sourceTree = "<group>"; };
		4CB2364418BDFA7500D979ED /* ViewController.m */ = {isa = PBXFileReference; lastKnownFileType = sourcecode.c.objc; path = ViewController.m; sourceTree = "<group>"; };
		4CB2364618BDFA7500D979ED /* Images.xcassets */ = {isa = PBXFileReference; lastKnownFileType = folder.assetcatalog; path = Images.xcassets; sourceTree = "<group>"; };
		4CB2364C18BDFA7500D979ED /* NRTextTransitionsExampleTests.xctest */ = {isa = PBXFileReference; explicitFileType = wrapper.cfbundle; includeInIndex = 0; path = NRTextTransitionsExampleTests.xctest; sourceTree = BUILT_PRODUCTS_DIR; };
		4CB2364D18BDFA7500D979ED /* XCTest.framework */ = {isa = PBXFileReference; lastKnownFileType = wrapper.framework; name = XCTest.framework; path = Library/Frameworks/XCTest.framework; sourceTree = DEVELOPER_DIR; };
		4CB2365518BDFA7500D979ED /* NRTextTransitionsExampleTests-Info.plist */ = {isa = PBXFileReference; lastKnownFileType = text.plist.xml; path = "NRTextTransitionsExampleTests-Info.plist"; sourceTree = "<group>"; };
		4CB2365718BDFA7500D979ED /* en */ = {isa = PBXFileReference; lastKnownFileType = text.plist.strings; name = en; path = en.lproj/InfoPlist.strings; sourceTree = "<group>"; };
		4CB2365918BDFA7500D979ED /* NRTextTransitionsExampleTests.m */ = {isa = PBXFileReference; lastKnownFileType = sourcecode.c.objc; path = NRTextTransitionsExampleTests.m; sourceTree = "<group>"; };
/* End PBXFileReference section */

/* Begin PBXFrameworksBuildPhase section */
		4CB2362818BDFA7500D979ED /* Frameworks */ = {
			isa = PBXFrameworksBuildPhase;
			buildActionMask = 2147483647;
			files = (
				4CB2363118BDFA7500D979ED /* CoreGraphics.framework in Frameworks */,
				4CB2363318BDFA7500D979ED /* UIKit.framework in Frameworks */,
				4CB2362F18BDFA7500D979ED /* Foundation.framework in Frameworks */,
			);
			runOnlyForDeploymentPostprocessing = 0;
		};
		4CB2364918BDFA7500D979ED /* Frameworks */ = {
			isa = PBXFrameworksBuildPhase;
			buildActionMask = 2147483647;
			files = (
				4CB2364E18BDFA7500D979ED /* XCTest.framework in Frameworks */,
				4CB2365018BDFA7500D979ED /* UIKit.framework in Frameworks */,
				4CB2364F18BDFA7500D979ED /* Foundation.framework in Frameworks */,
			);
			runOnlyForDeploymentPostprocessing = 0;
		};
/* End PBXFrameworksBuildPhase section */

/* Begin PBXGroup section */
		4CB2362218BDFA7400D979ED = {
			isa = PBXGroup;
			children = (
				4CB2363418BDFA7500D979ED /* NRTextTransitionsExample */,
				4CB2365318BDFA7500D979ED /* NRTextTransitionsExampleTests */,
				4CB2362D18BDFA7500D979ED /* Frameworks */,
				4CB2362C18BDFA7500D979ED /* Products */,
			);
			sourceTree = "<group>";
		};
		4CB2362C18BDFA7500D979ED /* Products */ = {
			isa = PBXGroup;
			children = (
				4CB2362B18BDFA7500D979ED /* NRTextTransitionsExample.app */,
				4CB2364C18BDFA7500D979ED /* NRTextTransitionsExampleTests.xctest */,
			);
			name = Products;
			sourceTree = "<group>";
		};
		4CB2362D18BDFA7500D979ED /* Frameworks */ = {
			isa = PBXGroup;
			children = (
				4CB2362E18BDFA7500D979ED /* Foundation.framework */,
				4CB2363018BDFA7500D979ED /* CoreGraphics.framework */,
				4CB2363218BDFA7500D979ED /* UIKit.framework */,
				4CB2364D18BDFA7500D979ED /* XCTest.framework */,
			);
			name = Frameworks;
			sourceTree = "<group>";
		};
		4CB2363418BDFA7500D979ED /* NRTextTransitionsExample */ = {
			isa = PBXGroup;
			children = (
				4CB2363D18BDFA7500D979ED /* AppDelegate.h */,
				4CB2363E18BDFA7500D979ED /* AppDelegate.m */,
				4CB2364018BDFA7500D979ED /* Main.storyboard */,
				4CB2364318BDFA7500D979ED /* ViewController.h */,
				4CB2364418BDFA7500D979ED /* ViewController.m */,
				4CB2364618BDFA7500D979ED /* Images.xcassets */,
				4CB2363518BDFA7500D979ED /* Supporting Files */,
			);
			path = NRTextTransitionsExample;
			sourceTree = "<group>";
		};
		4CB2363518BDFA7500D979ED /* Supporting Files */ = {
			isa = PBXGroup;
			children = (
				4CB2363618BDFA7500D979ED /* NRTextTransitionsExample-Info.plist */,
				4CB2363718BDFA7500D979ED /* InfoPlist.strings */,
				4CB2363A18BDFA7500D979ED /* main.m */,
				4CB2363C18BDFA7500D979ED /* NRTextTransitionsExample-Prefix.pch */,
			);
			name = "Supporting Files";
			sourceTree = "<group>";
		};
		4CB2365318BDFA7500D979ED /* NRTextTransitionsExampleTests */ = {
			isa = PBXGroup;
			children = (
				4CB2365918BDFA7500D979ED /* NRTextTransitionsExampleTests.m */,
				4CB2365418BDFA7500D979ED /* Supporting Files */,
			);
			path = NRTextTransitionsExampleTests;
			sourceTree = "<group>";
		};
		4CB2365418BDFA7500D979ED /* Supporting Files */ = {
			isa = PBXGroup;
			children = (
				4CB2365518BDFA7500D979ED /* NRTextTransitionsExampleTests-Info.plist */,
				4CB2365618BDFA7500D979ED /* InfoPlist.strings */,
			);
			name = "Supporting Files";
			sourceTree = "<group>";
		};
/* End PBXGroup section */

/* Begin PBXNativeTarget section */
		4CB2362A18BDFA7500D979ED /* NRTextTransitionsExample */ = {
			isa = PBXNativeTarget;
			buildConfigurationList = 4CB2365D18BDFA7500D979ED /* Build configuration list for PBXNativeTarget "NRTextTransitionsExample" */;
			buildPhases = (
				4CB2362718BDFA7500D979ED /* Sources */,
				4CB2362818BDFA7500D979ED /* Frameworks */,
				4CB2362918BDFA7500D979ED /* Resources */,
			);
			buildRules = (
			);
			dependencies = (
			);
			name = NRTextTransitionsExample;
			productName = NRTextTransitionsExample;
			productReference = 4CB2362B18BDFA7500D979ED /* NRTextTransitionsExample.app */;
			productType = "com.apple.product-type.application";
		};
		4CB2364B18BDFA7500D979ED /* NRTextTransitionsExampleTests */ = {
			isa = PBXNativeTarget;
			buildConfigurationList = 4CB2366018BDFA7500D979ED /* Build configuration list for PBXNativeTarget "NRTextTransitionsExampleTests" */;
			buildPhases = (
				4CB2364818BDFA7500D979ED /* Sources */,
				4CB2364918BDFA7500D979ED /* Frameworks */,
				4CB2364A18BDFA7500D979ED /* Resources */,
			);
			buildRules = (
			);
			dependencies = (
				4CB2365218BDFA7500D979ED /* PBXTargetDependency */,
			);
			name = NRTextTransitionsExampleTests;
			productName = NRTextTransitionsExampleTests;
			productReference = 4CB2364C18BDFA7500D979ED /* NRTextTransitionsExampleTests.xctest */;
			productType = "com.apple.product-type.bundle.unit-test";
		};
/* End PBXNativeTarget section */

/* Begin PBXProject section */
		4CB2362318BDFA7400D979ED /* Project object */ = {
			isa = PBXProject;
			attributes = {
				LastUpgradeCheck = 0500;
				TargetAttributes = {
					4CB2364B18BDFA7500D979ED = {
						TestTargetID = 4CB2362A18BDFA7500D979ED;
					};
				};
			};
			buildConfigurationList = 4CB2362618BDFA7400D979ED /* Build configuration list for PBXProject "NRTextTransitionsExample" */;
			compatibilityVersion = "Xcode 3.2";
			developmentRegion = English;
			hasScannedForEncodings = 0;
			knownRegions = (
				en,
				Base,
			);
			mainGroup = 4CB2362218BDFA7400D979ED;
			productRefGroup = 4CB2362C18BDFA7500D979ED /* Products */;
			projectDirPath = "";
			projectRoot = "";
			targets = (
				4CB2362A18BDFA7500D979ED /* NRTextTransitionsExample */,
				4CB2364B18BDFA7500D979ED /* NRTextTransitionsExampleTests */,
			);
		};
/* End PBXProject section */

/* Begin PBXResourcesBuildPhase section */
		4CB2362918BDFA7500D979ED /* Resources */ = {
			isa = PBXResourcesBuildPhase;
			buildActionMask = 2147483647;
			files = (
				4CB2364718BDFA7500D979ED /* Images.xcassets in Resources */,
				4CB2363918BDFA7500D979ED /* InfoPlist.strings in Resources */,
				4CB2364218BDFA7500D979ED /* Main.storyboard in Resources */,
			);
			runOnlyForDeploymentPostprocessing = 0;
		};
		4CB2364A18BDFA7500D979ED /* Resources */ = {
			isa = PBXResourcesBuildPhase;
			buildActionMask = 2147483647;
			files = (
				4CB2365818BDFA7500D979ED /* InfoPlist.strings in Resources */,
			);
			runOnlyForDeploymentPostprocessing = 0;
		};
/* End PBXResourcesBuildPhase section */

/* Begin PBXSourcesBuildPhase section */
		4CB2362718BDFA7500D979ED /* Sources */ = {
			isa = PBXSourcesBuildPhase;
			buildActionMask = 2147483647;
			files = (
				4CB2364518BDFA7500D979ED /* ViewController.m in Sources */,
				4CB2363F18BDFA7500D979ED /* AppDelegate.m in Sources */,
				4CB2363B18BDFA7500D979ED /* main.m in Sources */,
			);
			runOnlyForDeploymentPostprocessing = 0;
		};
		4CB2364818BDFA7500D979ED /* Sources */ = {
			isa = PBXSourcesBuildPhase;
			buildActionMask = 2147483647;
			files = (
				4CB2365A18BDFA7500D979ED /* NRTextTransitionsExampleTests.m in Sources */,
			);
			runOnlyForDeploymentPostprocessing = 0;
		};
/* End PBXSourcesBuildPhase section */

/* Begin PBXTargetDependency section */
		4CB2365218BDFA7500D979ED /* PBXTargetDependency */ = {
			isa = PBXTargetDependency;
			target = 4CB2362A18BDFA7500D979ED /* NRTextTransitionsExample */;
			targetProxy = 4CB2365118BDFA7500D979ED /* PBXContainerItemProxy */;
		};
/* End PBXTargetDependency section */

/* Begin PBXVariantGroup section */
		4CB2363718BDFA7500D979ED /* InfoPlist.strings */ = {
			isa = PBXVariantGroup;
			children = (
				4CB2363818BDFA7500D979ED /* en */,
			);
			name = InfoPlist.strings;
			sourceTree = "<group>";
		};
		4CB2364018BDFA7500D979ED /* Main.storyboard */ = {
			isa = PBXVariantGroup;
			children = (
				4CB2364118BDFA7500D979ED /* Base */,
			);
			name = Main.storyboard;
			sourceTree = "<group>";
		};
		4CB2365618BDFA7500D979ED /* InfoPlist.strings */ = {
			isa = PBXVariantGroup;
			children = (
				4CB2365718BDFA7500D979ED /* en */,
			);
			name = InfoPlist.strings;
			sourceTree = "<group>";
		};
/* End PBXVariantGroup section */

/* Begin XCBuildConfiguration section */
		4CB2365B18BDFA7500D979ED /* Debug */ = {
			isa = XCBuildConfiguration;
			buildSettings = {
				ALWAYS_SEARCH_USER_PATHS = NO;
				ARCHS = "$(ARCHS_STANDARD_INCLUDING_64_BIT)";
				CLANG_CXX_LANGUAGE_STANDARD = "gnu++0x";
				CLANG_CXX_LIBRARY = "libc++";
				CLANG_ENABLE_MODULES = YES;
				CLANG_ENABLE_OBJC_ARC = YES;
				CLANG_WARN_BOOL_CONVERSION = YES;
				CLANG_WARN_CONSTANT_CONVERSION = YES;
				CLANG_WARN_DIRECT_OBJC_ISA_USAGE = YES_ERROR;
				CLANG_WARN_EMPTY_BODY = YES;
				CLANG_WARN_ENUM_CONVERSION = YES;
				CLANG_WARN_INT_CONVERSION = YES;
				CLANG_WARN_OBJC_ROOT_CLASS = YES_ERROR;
				CLANG_WARN__DUPLICATE_METHOD_MATCH = YES;
				"CODE_SIGN_IDENTITY[sdk=iphoneos*]" = "iPhone Developer";
				COPY_PHASE_STRIP = NO;
				GCC_C_LANGUAGE_STANDARD = gnu99;
				GCC_DYNAMIC_NO_PIC = NO;
				GCC_OPTIMIZATION_LEVEL = 0;
				GCC_PREPROCESSOR_DEFINITIONS = (
					"DEBUG=1",
					"$(inherited)",
				);
				GCC_SYMBOLS_PRIVATE_EXTERN = NO;
				GCC_WARN_64_TO_32_BIT_CONVERSION = YES;
				GCC_WARN_ABOUT_RETURN_TYPE = YES_ERROR;
				GCC_WARN_UNDECLARED_SELECTOR = YES;
				GCC_WARN_UNINITIALIZED_AUTOS = YES;
				GCC_WARN_UNUSED_FUNCTION = YES;
				GCC_WARN_UNUSED_VARIABLE = YES;
				IPHONEOS_DEPLOYMENT_TARGET = 7.0;
				ONLY_ACTIVE_ARCH = YES;
				SDKROOT = iphoneos;
			};
			name = Debug;
		};
		4CB2365C18BDFA7500D979ED /* Release */ = {
			isa = XCBuildConfiguration;
			buildSettings = {
				ALWAYS_SEARCH_USER_PATHS = NO;
				ARCHS = "$(ARCHS_STANDARD_INCLUDING_64_BIT)";
				CLANG_CXX_LANGUAGE_STANDARD = "gnu++0x";
				CLANG_CXX_LIBRARY = "libc++";
				CLANG_ENABLE_MODULES = YES;
				CLANG_ENABLE_OBJC_ARC = YES;
				CLANG_WARN_BOOL_CONVERSION = YES;
				CLANG_WARN_CONSTANT_CONVERSION = YES;
				CLANG_WARN_DIRECT_OBJC_ISA_USAGE = YES_ERROR;
				CLANG_WARN_EMPTY_BODY = YES;
				CLANG_WARN_ENUM_CONVERSION = YES;
				CLANG_WARN_INT_CONVERSION = YES;
				CLANG_WARN_OBJC_ROOT_CLASS = YES_ERROR;
				CLANG_WARN__DUPLICATE_METHOD_MATCH = YES;
				"CODE_SIGN_IDENTITY[sdk=iphoneos*]" = "iPhone Developer";
				COPY_PHASE_STRIP = YES;
				ENABLE_NS_ASSERTIONS = NO;
				GCC_C_LANGUAGE_STANDARD = gnu99;
				GCC_WARN_64_TO_32_BIT_CONVERSION = YES;
				GCC_WARN_ABOUT_RETURN_TYPE = YES_ERROR;
				GCC_WARN_UNDECLARED_SELECTOR = YES;
				GCC_WARN_UNINITIALIZED_AUTOS = YES;
				GCC_WARN_UNUSED_FUNCTION = YES;
				GCC_WARN_UNUSED_VARIABLE = YES;
				IPHONEOS_DEPLOYMENT_TARGET = 7.0;
				SDKROOT = iphoneos;
				VALIDATE_PRODUCT = YES;
			};
			name = Release;
		};
		4CB2365E18BDFA7500D979ED /* Debug */ = {
			isa = XCBuildConfiguration;
			buildSettings = {
				ASSETCATALOG_COMPILER_APPICON_NAME = AppIcon;
				ASSETCATALOG_COMPILER_LAUNCHIMAGE_NAME = LaunchImage;
				GCC_PRECOMPILE_PREFIX_HEADER = YES;
				GCC_PREFIX_HEADER = "NRTextTransitionsExample/NRTextTransitionsExample-Prefix.pch";
				INFOPLIST_FILE = "NRTextTransitionsExample/NRTextTransitionsExample-Info.plist";
				PRODUCT_NAME = "$(TARGET_NAME)";
				WRAPPER_EXTENSION = app;
			};
			name = Debug;
		};
		4CB2365F18BDFA7500D979ED /* Release */ = {
			isa = XCBuildConfiguration;
			buildSettings = {
				ASSETCATALOG_COMPILER_APPICON_NAME = AppIcon;
				ASSETCATALOG_COMPILER_LAUNCHIMAGE_NAME = LaunchImage;
				GCC_PRECOMPILE_PREFIX_HEADER = YES;
				GCC_PREFIX_HEADER = "NRTextTransitionsExample/NRTextTransitionsExample-Prefix.pch";
				INFOPLIST_FILE = "NRTextTransitionsExample/NRTextTransitionsExample-Info.plist";
				PRODUCT_NAME = "$(TARGET_NAME)";
				WRAPPER_EXTENSION = app;
			};
			name = Release;
		};
		4CB2366118BDFA7500D979ED /* Debug */ = {
			isa = XCBuildConfiguration;
			buildSettings = {
				ARCHS = "$(ARCHS_STANDARD_INCLUDING_64_BIT)";
				BUNDLE_LOADER = "$(BUILT_PRODUCTS_DIR)/NRTextTransitionsExample.app/NRTextTransitionsExample";
				FRAMEWORK_SEARCH_PATHS = (
					"$(SDKROOT)/Developer/Library/Frameworks",
					"$(inherited)",
					"$(DEVELOPER_FRAMEWORKS_DIR)",
				);
				GCC_PRECOMPILE_PREFIX_HEADER = YES;
				GCC_PREFIX_HEADER = "NRTextTransitionsExample/NRTextTransitionsExample-Prefix.pch";
				GCC_PREPROCESSOR_DEFINITIONS = (
					"DEBUG=1",
					"$(inherited)",
				);
				INFOPLIST_FILE = "NRTextTransitionsExampleTests/NRTextTransitionsExampleTests-Info.plist";
				PRODUCT_NAME = "$(TARGET_NAME)";
				TEST_HOST = "$(BUNDLE_LOADER)";
				WRAPPER_EXTENSION = xctest;
			};
			name = Debug;
		};
		4CB2366218BDFA7500D979ED /* Release */ = {
			isa = XCBuildConfiguration;
			buildSettings = {
				ARCHS = "$(ARCHS_STANDARD_INCLUDING_64_BIT)";
				BUNDLE_LOADER = "$(BUILT_PRODUCTS_DIR)/NRTextTransitionsExample.app/NRTextTransitionsExample";
				FRAMEWORK_SEARCH_PATHS = (
					"$(SDKROOT)/Developer/Library/Frameworks",
					"$(inherited)",
					"$(DEVELOPER_FRAMEWORKS_DIR)",
				);
				GCC_PRECOMPILE_PREFIX_HEADER = YES;
				GCC_PREFIX_HEADER = "NRTextTransitionsExample/NRTextTransitionsExample-Prefix.pch";
				INFOPLIST_FILE = "NRTextTransitionsExampleTests/NRTextTransitionsExampleTests-Info.plist";
				PRODUCT_NAME = "$(TARGET_NAME)";
				TEST_HOST = "$(BUNDLE_LOADER)";
				WRAPPER_EXTENSION = xctest;
			};
			name = Release;
		};
/* End XCBuildConfiguration section */

/* Begin XCConfigurationList section */
		4CB2362618BDFA7400D979ED /* Build configuration list for PBXProject "NRTextTransitionsExample" */ = {
			isa = XCConfigurationList;
			buildConfigurations = (
				4CB2365B18BDFA7500D979ED /* Debug */,
				4CB2365C18BDFA7500D979ED /* Release */,
			);
			defaultConfigurationIsVisible = 0;
			defaultConfigurationName = Release;
		};
		4CB2365D18BDFA7500D979ED /* Build configuration list for PBXNativeTarget "NRTextTransitionsExample" */ = {
			isa = XCConfigurationList;
			buildConfigurations = (
				4CB2365E18BDFA7500D979ED /* Debug */,
				4CB2365F18BDFA7500D979ED /* Release */,
			);
			defaultConfigurationIsVisible = 0;
		};
		4CB2366018BDFA7500D979ED /* Build configuration list for PBXNativeTarget "NRTextTransitionsExampleTests" */ = {
			isa = XCConfigurationList;
			buildConfigurations = (
				4CB2366118BDFA7500D979ED /* Debug */,
				4CB2366218BDFA7500D979ED /* Release */,
			);
			defaultConfigurationIsVisible = 0;
		};
/* End XCConfigurationList section */
	};
	rootObject = 4CB2362318BDFA7400D979ED /* Project object */;
}
